
Microsoft Visual Studio Solution File, Format Version 12.00
# Visual Studio Version 16
VisualStudioVersion = 16.0.32002.261
MinimumVisualStudioVersion = 10.0.40219.1
Project("{FAE04EC0-301F-11D3-BF4B-00C04F79EFBC}") = "cSharpPasswordConsoleApp", "cSharpPasswordConsoleApp\cSharpPasswordConsoleApp.csproj", "{9BE283C6-6F74-40A4-B01A-6CE4B3013521}"
EndProject
Global
	GlobalSection(SolutionConfigurationPlatforms) = preSolution
		Debug|Any CPU = Debug|Any CPU
		Release|Any CPU = Release|Any CPU
	EndGlobalSection
	GlobalSection(ProjectConfigurationPlatforms) = postSolution
		{9BE283C6-6F74-40A4-B01A-6CE4B3013521}.Debug|Any CPU.ActiveCfg = Debug|Any CPU
		{9BE283C6-6F74-40A4-B01A-6CE4B3013521}.Debug|Any CPU.Build.0 = Debug|Any CPU
		{9BE283C6-6F74-40A4-B01A-6CE4B3013521}.Release|Any CPU.ActiveCfg = Release|Any CPU
		{9BE283C6-6F74-40A4-B01A-6CE4B3013521}.Release|Any CPU.Build.0 = Release|Any CPU
	EndGlobalSection
	GlobalSection(SolutionProperties) = preSolution
		HideSolutionNode = FALSE
	EndGlobalSection
	GlobalSection(ExtensibilityGlobals) = postSolution
		SolutionGuid = {8E24CC4C-5E71-41CD-83C5-FC7382214FD7}
	EndGlobalSection
EndGlobal
